
Microsoft Visual Studio Solution File, Format Version 12.00
# Visual Studio Version 17
VisualStudioVersion = 17.10.35013.160
MinimumVisualStudioVersion = 10.0.40219.1
Project("{FAE04EC0-301F-11D3-BF4B-00C04F79EFBC}") = "logintestproj", "logintestproj.csproj", "{2CA5B53B-F754-4BDD-90A9-33D779FFB5C0}"
EndProject
Project("{FAE04EC0-301F-11D3-BF4B-00C04F79EFBC}") = "loginTest", "..\loginTest\loginTest.csproj", "{EB61D0EE-C1C6-4656-9E41-18F481518AF4}"
EndProject
Global
	GlobalSection(SolutionConfigurationPlatforms) = preSolution
		Debug|Any CPU = Debug|Any CPU
		Release|Any CPU = Release|Any CPU
	EndGlobalSection
	GlobalSection(ProjectConfigurationPlatforms) = postSolution
		{2CA5B53B-F754-4BDD-90A9-33D779FFB5C0}.Debug|Any CPU.ActiveCfg = Debug|Any CPU
		{2CA5B53B-F754-4BDD-90A9-33D779FFB5C0}.Debug|Any CPU.Build.0 = Debug|Any CPU
		{2CA5B53B-F754-4BDD-90A9-33D779FFB5C0}.Release|Any CPU.ActiveCfg = Release|Any CPU
		{2CA5B53B-F754-4BDD-90A9-33D779FFB5C0}.Release|Any CPU.Build.0 = Release|Any CPU
		{EB61D0EE-C1C6-4656-9E41-18F481518AF4}.Debug|Any CPU.ActiveCfg = Debug|Any CPU
		{EB61D0EE-C1C6-4656-9E41-18F481518AF4}.Debug|Any CPU.Build.0 = Debug|Any CPU
		{EB61D0EE-C1C6-4656-9E41-18F481518AF4}.Release|Any CPU.ActiveCfg = Release|Any CPU
		{EB61D0EE-C1C6-4656-9E41-18F481518AF4}.Release|Any CPU.Build.0 = Release|Any CPU
	EndGlobalSection
	GlobalSection(SolutionProperties) = preSolution
		HideSolutionNode = FALSE
	EndGlobalSection
	GlobalSection(ExtensibilityGlobals) = postSolution
		SolutionGuid = {A1C62BBD-2692-4B5E-83FC-7A7603D9BF69}
	EndGlobalSection
EndGlobal
